lockfileVersion: '6.0'

settings:
  autoInstallPeers: true
  excludeLinksFromLockfile: false

dependencies:
  '@actions/core':
    specifier: ^1.10.1
    version: 1.10.1
  '@actions/github':
    specifier: ^6.0.0
    version: 6.0.0

devDependencies:
  '@vercel/ncc':
    specifier: ^0.38.1
    version: 0.38.1

packages:

  /@actions/core@1.10.1:
    resolution: {integrity: sha512-3lBR9EDAY+iYIpTnTIXmWcNbX3T2kCkAEQGIQx4NVQ0575nk2k3GRZDTPQG+vVtS2izSLmINlxXf0uLtnrTP+g==}
    dependencies:
      '@actions/http-client': 2.2.0
      uuid: 8.3.2
    dev: false

  /@actions/github@6.0.0:
    resolution: {integrity: sha512-alScpSVnYmjNEXboZjarjukQEzgCRmjMv6Xj47fsdnqGS73bjJNDpiiXmp8jr0UZLdUB6d9jW63IcmddUP+l0g==}
    dependencies:
      '@actions/http-client': 2.2.0
      '@octokit/core': 5.0.1
      '@octokit/plugin-paginate-rest': 9.1.0(@octokit/core@5.0.1)
      '@octokit/plugin-rest-endpoint-methods': 10.1.0(@octokit/core@5.0.1)
    dev: false

  /@actions/http-client@2.2.0:
    resolution: {integrity: sha512-q+epW0trjVUUHboliPb4UF9g2msf+w61b32tAkFEwL/IwP0DQWgbCMM0Hbe3e3WXSKz5VcUXbzJQgy8Hkra/Lg==}
    dependencies:
      tunnel: 0.0.6
      undici: 5.26.5
    dev: false

  /@fastify/busboy@2.0.0:
    resolution: {integrity: sha512-JUFJad5lv7jxj926GPgymrWQxxjPYuJNiNjNMzqT+HiuP6Vl3dk5xzG+8sTX96np0ZAluvaMzPsjhHZ5rNuNQQ==}
    engines: {node: '>=14'}
    dev: false

  /@octokit/auth-token@4.0.0:
    resolution: {integrity: sha512-tY/msAuJo6ARbK6SPIxZrPBms3xPbfwBrulZe0Wtr/DIY9lje2HeV1uoebShn6mx7SjCHif6EjMvoREj+gZ+SA==}
    engines: {node: '>= 18'}
    dev: false

  /@octokit/core@5.0.1:
    resolution: {integrity: sha512-lyeeeZyESFo+ffI801SaBKmCfsvarO+dgV8/0gD8u1d87clbEdWsP5yC+dSj3zLhb2eIf5SJrn6vDz9AheETHw==}
    engines: {node: '>= 18'}
    dependencies:
      '@octokit/auth-token': 4.0.0
      '@octokit/graphql': 7.0.2
      '@octokit/request': 8.1.4
      '@octokit/request-error': 5.0.1
      '@octokit/types': 12.1.0
      before-after-hook: 2.2.3
      universal-user-agent: 6.0.0
    dev: false

  /@octokit/endpoint@9.0.1:
    resolution: {integrity: sha512-hRlOKAovtINHQPYHZlfyFwaM8OyetxeoC81lAkBy34uLb8exrZB50SQdeW3EROqiY9G9yxQTpp5OHTV54QD+vA==}
    engines: {node: '>= 18'}
    dependencies:
      '@octokit/types': 12.1.0
      is-plain-object: 5.0.0
      universal-user-agent: 6.0.0
    dev: false

  /@octokit/graphql@7.0.2:
    resolution: {integrity: sha512-OJ2iGMtj5Tg3s6RaXH22cJcxXRi7Y3EBqbHTBRq+PQAqfaS8f/236fUrWhfSn8P4jovyzqucxme7/vWSSZBX2Q==}
    engines: {node: '>= 18'}
    dependencies:
      '@octokit/request': 8.1.4
      '@octokit/types': 12.1.0
      universal-user-agent: 6.0.0
    dev: false

  /@octokit/openapi-types@19.0.1:
    resolution: {integrity: sha512-zC+73r2HIoRb9rWW5S3Y759hrpadlD5pNnya/QfZv0JZE7mvMu+FUa7nxHqTadi2hZc4BPZjJ8veDTuJnh8+8g==}
    dev: false

  /@octokit/plugin-paginate-rest@9.1.0(@octokit/core@5.0.1):
    resolution: {integrity: sha512-FK1WMa5261SaMX/33S1EOEzalnu9+YoKfrxzRVimciachMFSWH9kQ9SOKdxxxuZXX+KxCLw1knQkneSLYmgdbg==}
    engines: {node: '>= 18'}
    peerDependencies:
      '@octokit/core': '>=5'
    dependencies:
      '@octokit/core': 5.0.1
      '@octokit/types': 12.1.0
    dev: false

  /@octokit/plugin-rest-endpoint-methods@10.1.0(@octokit/core@5.0.1):
    resolution: {integrity: sha512-SnVot2WFI61LYkTeSCkKNfvfqw7FdgtqvaC8nMUwYiHA8UTKoGDjL+R5pCaCEvoLu3O55pUOtNaTIyo7ngJySQ==}
    engines: {node: '>= 18'}
    peerDependencies:
      '@octokit/core': '>=5'
    dependencies:
      '@octokit/core': 5.0.1
      '@octokit/types': 12.1.0
    dev: false

  /@octokit/request-error@5.0.1:
    resolution: {integrity: sha512-X7pnyTMV7MgtGmiXBwmO6M5kIPrntOXdyKZLigNfQWSEQzVxR4a4vo49vJjTWX70mPndj8KhfT4Dx+2Ng3vnBQ==}
    engines: {node: '>= 18'}
    dependencies:
      '@octokit/types': 12.1.0
      deprecation: 2.3.1
      once: 1.4.0
    dev: false

  /@octokit/request@8.1.4:
    resolution: {integrity: sha512-M0aaFfpGPEKrg7XoA/gwgRvc9MSXHRO2Ioki1qrPDbl1e9YhjIwVoHE7HIKmv/m3idzldj//xBujcFNqGX6ENA==}
    engines: {node: '>= 18'}
    dependencies:
      '@octokit/endpoint': 9.0.1
      '@octokit/request-error': 5.0.1
      '@octokit/types': 12.1.0
      is-plain-object: 5.0.0
      universal-user-agent: 6.0.0
    dev: false

  /@octokit/types@12.1.0:
    resolution: {integrity: sha512-JmjQr5ZbOnpnOLX5drI2O2I1N9suOYZAgINHXTlVVg4lRtUifMv2JssT+RhmNxQwXH153Pc8HaCMdTRkqI1oVQ==}
    dependencies:
      '@octokit/openapi-types': 19.0.1
    dev: false

  /@vercel/ncc@0.38.1:
    resolution: {integrity: sha512-IBBb+iI2NLu4VQn3Vwldyi2QwaXt5+hTyh58ggAMoCGE6DJmPvwL3KPBWcJl1m9LYPChBLE980Jw+CS4Wokqxw==}
    hasBin: true
    dev: true

  /before-after-hook@2.2.3:
    resolution: {integrity: sha512-NzUnlZexiaH/46WDhANlyR2bXRopNg4F/zuSA3OpZnllCUgRaOF2znDioDWrmbNVsuZk6l9pMquQB38cfBZwkQ==}
    dev: false

  /deprecation@2.3.1:
    resolution: {integrity: sha512-xmHIy4F3scKVwMsQ4WnVaS8bHOx0DmVwRywosKhaILI0ywMDWPtBSku2HNxRvF7jtwDRsoEwYQSfbxj8b7RlJQ==}
    dev: false

  /is-plain-object@5.0.0:
    resolution: {integrity: sha512-VRSzKkbMm5jMDoKLbltAkFQ5Qr7VDiTFGXxYFXXowVj387GeGNOCsOH6Msy00SGZ3Fp84b1Naa1psqgcCIEP5Q==}
    engines: {node: '>=0.10.0'}
    dev: false

  /once@1.4.0:
    resolution: {integrity: sha512-lNaJgI+2Q5URQBkccEKHTQOPaXdUxnZZElQTZY0MFUAuaEqe1E+Nyvgdz/aIyNi6Z9MzO5dv1H8n58/GELp3+w==}
    dependencies:
      wrappy: 1.0.2
    dev: false

  /tunnel@0.0.6:
    resolution: {integrity: sha512-1h/Lnq9yajKY2PEbBadPXj3VxsDDu844OnaAo52UVmIzIvwwtBPIuNvkjuzBlTWpfJyUbG3ez0KSBibQkj4ojg==}
    engines: {node: '>=0.6.11 <=0.7.0 || >=0.7.3'}
    dev: false

  /undici@5.26.5:
    resolution: {integrity: sha512-cSb4bPFd5qgR7qr2jYAi0hlX9n5YKK2ONKkLFkxl+v/9BvC0sOpZjBHDBSXc5lWAf5ty9oZdRXytBIHzgUcerw==}
    engines: {node: '>=14.0'}
    dependencies:
      '@fastify/busboy': 2.0.0
    dev: false

  /universal-user-agent@6.0.0:
    resolution: {integrity: sha512-isyNax3wXoKaulPDZWHQqbmIx1k2tb9fb3GGDBRxCscfYV2Ch7WxPArBsFEG8s/safwXTT7H4QGhaIkTp9447w==}
    dev: false

  /uuid@8.3.2:
    resolution: {integrity: sha512-+NYs2QeMWy+GWFOEm9xnn6HCDp0l7QBD7ml8zLUmJ+93Q5NF0NocErnwkTkXVFNiX3/fpC6afS8Dhb/gz7R7eg==}
    hasBin: true
    dev: false

  /wrappy@1.0.2:
    resolution: {integrity: sha512-l4Sp/DRseor9wL6EvV2+TuQn63dMkPjZ/sp9XkghTEbV9KlPS1xUsZ3u7/IQO4wxtcFB4bgpQPRcR3QCvezPcQ==}
    dev: false
